lockfileVersion: 5.3

specifiers:
  '@types/node': 18.16.17
  typescript: 4.9.5

devDependencies:
  '@types/node': 18.16.17
  typescript: 4.9.5

packages:

  /@types/node/18.16.17:
    resolution: {integrity: sha512-QAkjjRA1N7gPJeAP4WLXZtYv6+eMXFNviqktCDt4GLcmCugMr5BcRHfkOjCQzvCsnMp+L79a54zBkbw356xv9Q==}
    dev: true

  /typescript/4.9.5:
    resolution: {integrity: sha512-1FXk9E2Hm+QzZQ7z+McJiHL4NW1F2EzMu9Nq9i3zAaGqibafqYwCVU6WyWAuyQRRzOlxou8xZSyXLEN8oKj24g==}
    engines: {node: '>=4.2.0'}
    hasBin: true
    dev: true
