lockfileVersion: 5.3

specifiers:
  '@types/node': 16.11.66
  typescript: 4.8.4

devDependencies:
  '@types/node': 16.11.66
  typescript: 4.8.4

packages:

  /@types/node/16.11.66:
    resolution: {integrity: sha512-+xvMrGl3eAygKcf5jm+4zA4tbfEgmKM9o6/glTmN0RFVdu2VuFXMYYtRmuv3zTGCgAYMnEZLde3B7BTp+Yxcig==}
    dev: true

  /typescript/4.8.4:
    resolution: {integrity: sha512-QCh+85mCy+h0IGff8r5XWzOVSbBO+KfeYrMQh7NJ58QujwcE22u+NUSmUxqF+un70P9GXKxa2HCNiTTMJknyjQ==}
    engines: {node: '>=4.2.0'}
    hasBin: true
    dev: true
