lockfileVersion: 5.3

specifiers:
  '@types/node': 18.17.6
  typescript: 4.9.5

devDependencies:
  '@types/node': 18.17.6
  typescript: 4.9.5

packages:

  /@types/node/18.17.6:
    resolution: {integrity: sha512-fGmT/P7z7ecA6bv/ia5DlaWCH4YeZvAQMNpUhrJjtAhOhZfoxS1VLUgU2pdk63efSjQaOJWdXMuAJsws+8I6dg==}
    dev: true

  /typescript/4.9.5:
    resolution: {integrity: sha512-1FXk9E2Hm+QzZQ7z+McJiHL4NW1F2EzMu9Nq9i3zAaGqibafqYwCVU6WyWAuyQRRzOlxou8xZSyXLEN8oKj24g==}
    engines: {node: '>=4.2.0'}
    hasBin: true
    dev: true
